
Microsoft Visual Studio Solution File, Format Version 12.00
# Visual Studio Version 17
VisualStudioVersion = 17.9.34728.123
MinimumVisualStudioVersion = 10.0.40219.1
Project("{FAE04EC0-301F-11D3-BF4B-00C04F79EFBC}") = "Parallel23.03", "Parallel23.03\Parallel23.03.csproj", "{51E556C1-0601-4A8B-8937-19834A671970}"
EndProject
Global
	GlobalSection(SolutionConfigurationPlatforms) = preSolution
		Debug|Any CPU = Debug|Any CPU
		Release|Any CPU = Release|Any CPU
	EndGlobalSection
	GlobalSection(ProjectConfigurationPlatforms) = postSolution
		{51E556C1-0601-4A8B-8937-19834A671970}.Debug|Any CPU.ActiveCfg = Debug|Any CPU
		{51E556C1-0601-4A8B-8937-19834A671970}.Debug|Any CPU.Build.0 = Debug|Any CPU
		{51E556C1-0601-4A8B-8937-19834A671970}.Release|Any CPU.ActiveCfg = Release|Any CPU
		{51E556C1-0601-4A8B-8937-19834A671970}.Release|Any CPU.Build.0 = Release|Any CPU
	EndGlobalSection
	GlobalSection(SolutionProperties) = preSolution
		HideSolutionNode = FALSE
	EndGlobalSection
	GlobalSection(ExtensibilityGlobals) = postSolution
		SolutionGuid = {3DFCF08D-553F-4EBF-B36B-26C8E741C9CA}
	EndGlobalSection
EndGlobal
